
Microsoft Visual Studio Solution File, Format Version 12.00
# Visual Studio Version 17
VisualStudioVersion = 17.10.35122.118
MinimumVisualStudioVersion = 10.0.40219.1
Project("{9A19103F-16F7-4668-BE54-9A1E7A4F7556}") = "ConnectFour", "ConnectFour.csproj", "{280709E1-9AC9-46A5-9A8A-E9D10FDDBDBA}"
EndProject
Project("{9A19103F-16F7-4668-BE54-9A1E7A4F7556}") = "ConnectFour.Tests", "..\ConnectFour.Tests\ConnectFour.Tests.csproj", "{0DBC2236-CFA3-4D1B-B7EE-F47567BCA71D}"
EndProject
Global
	GlobalSection(SolutionConfigurationPlatforms) = preSolution
		Debug|Any CPU = Debug|Any CPU
		Release|Any CPU = Release|Any CPU
	EndGlobalSection
	GlobalSection(ProjectConfigurationPlatforms) = postSolution
		{280709E1-9AC9-46A5-9A8A-E9D10FDDBDBA}.Debug|Any CPU.ActiveCfg = Debug|Any CPU
		{280709E1-9AC9-46A5-9A8A-E9D10FDDBDBA}.Debug|Any CPU.Build.0 = Debug|Any CPU
		{280709E1-9AC9-46A5-9A8A-E9D10FDDBDBA}.Release|Any CPU.ActiveCfg = Release|Any CPU
		{280709E1-9AC9-46A5-9A8A-E9D10FDDBDBA}.Release|Any CPU.Build.0 = Release|Any CPU
		{0DBC2236-CFA3-4D1B-B7EE-F47567BCA71D}.Debug|Any CPU.ActiveCfg = Debug|Any CPU
		{0DBC2236-CFA3-4D1B-B7EE-F47567BCA71D}.Debug|Any CPU.Build.0 = Debug|Any CPU
		{0DBC2236-CFA3-4D1B-B7EE-F47567BCA71D}.Release|Any CPU.ActiveCfg = Release|Any CPU
		{0DBC2236-CFA3-4D1B-B7EE-F47567BCA71D}.Release|Any CPU.Build.0 = Release|Any CPU
	EndGlobalSection
	GlobalSection(SolutionProperties) = preSolution
		HideSolutionNode = FALSE
	EndGlobalSection
	GlobalSection(ExtensibilityGlobals) = postSolution
		SolutionGuid = {08ED65CE-DF1E-40D4-9BFB-CC7F84060332}
	EndGlobalSection
EndGlobal
